PODS:
  - lottie-ios (3.4.1)
  - SDWebImage (5.13.4):
    - SDWebImage/Core (= 5.13.4)
  - SDWebImage/Core (5.13.4)
  - SwiftGen (6.6.2)

DEPENDENCIES:
  - lottie-ios (= 3.4.1)
  - SDWebImage (= 5.13.4)
  - SwiftGen

SPEC REPOS:
  trunk:
    - lottie-ios
    - SDWebImage
    - SwiftGen

SPEC CHECKSUMS:
  lottie-ios: 016449b5d8be0c3dcbcfa0a9988469999cd04c5d
  SDWebImage: e5cc87bf736e60f49592f307bdf9e157189298a3
  SwiftGen: 1366a7f71aeef49954ca5a63ba4bef6b0f24138c

PODFILE CHECKSUM: 8faf1b11cb67572b1f303c09c4eb0481880517db

COCOAPODS: 1.11.3
